// !$*UTF8*$!
{
	archiveVersion = 1;
	classes = {
	};
	objectVersion = 46;
	objects = {

/* Begin PBXBuildFile section */
		30FCFB40070C131D579774BE /* Pods_Selfigram.framework in Frameworks */ = {isa = PBXBuildFile; fileRef = 07E6F67A47FD6CC317832F21 /* Pods_Selfigram.framework */; };
		B949D4BE2034D15107C3867B /* Pods_SelfigramTests.framework in Frameworks */ = {isa = PBXBuildFile; fileRef = 53F3BFF00333EC69E1B3ED10 /* Pods_SelfigramTests.framework */; };
		DA201B4C1CE542D600E7BD94 /* AppDelegate.swift in Sources */ = {isa = PBXBuildFile; fileRef = DA201B4B1CE542D600E7BD94 /* AppDelegate.swift */; };
		DA201B4E1CE542D600E7BD94 /* ViewController.swift in Sources */ = {isa = PBXBuildFile; fileRef = DA201B4D1CE542D600E7BD94 /* ViewController.swift */; };
		DA201B511CE542D600E7BD94 /* Main.storyboard in Resources */ = {isa = PBXBuildFile; fileRef = DA201B4F1CE542D600E7BD94 /* Main.storyboard */; };
		DA201B531CE542D600E7BD94 /* Assets.xcassets in Resources */ = {isa = PBXBuildFile; fileRef = DA201B521CE542D600E7BD94 /* Assets.xcassets */; };
		DA201B561CE542D600E7BD94 /* LaunchScreen.storyboard in Resources */ = {isa = PBXBuildFile; fileRef = DA201B541CE542D600E7BD94 /* LaunchScreen.storyboard */; };
		DA201B611CE542D600E7BD94 /* SelfigramTests.swift in Sources */ = {isa = PBXBuildFile; fileRef = DA201B601CE542D600E7BD94 /* SelfigramTests.swift */; };
		DA201B6C1CEBE49500E7BD94 /* ProfileViewController.swift in Sources */ = {isa = PBXBuildFile; fileRef = DA201B6B1CEBE49500E7BD94 /* ProfileViewController.swift */; };
		DA3A69951CEE8777001D2F4C /* User.swift in Sources */ = {isa = PBXBuildFile; fileRef = DA3A69941CEE8777001D2F4C /* User.swift */; };
		DA3A69971CEE88DB001D2F4C /* Post.swift in Sources */ = {isa = PBXBuildFile; fileRef = DA3A69961CEE88DB001D2F4C /* Post.swift */; };
		DA3A69991CF51E9C001D2F4C /* FeedTableViewController.swift in Sources */ = {isa = PBXBuildFile; fileRef = DA3A69981CF51E9C001D2F4C /* FeedTableViewController.swift */; };
		DA3A69CF1CF864FD001D2F4C /* SelfieCell.swift in Sources */ = {isa = PBXBuildFile; fileRef = DA3A69CE1CF864FD001D2F4C /* SelfieCell.swift */; };
		DA3A69D51D0A3A9F001D2F4C /* Activity.swift in Sources */ = {isa = PBXBuildFile; fileRef = DA3A69D41D0A3A9F001D2F4C /* Activity.swift */; };
/* End PBXBuildFile section */

/* Begin PBXContainerItemProxy section */
		DA201B5D1CE542D600E7BD94 /* PBXContainerItemProxy */ = {
			isa = PBXContainerItemProxy;
			containerPortal = DA201B401CE542D600E7BD94 /* Project object */;
			proxyType = 1;
			remoteGlobalIDString = DA201B471CE542D600E7BD94;
			remoteInfo = Selfigram;
		};
/* End PBXContainerItemProxy section */

/* Begin PBXFileReference section */
		07E6F67A47FD6CC317832F21 /* Pods_Selfigram.framework */ = {isa = PBXFileReference; explicitFileType = wrapper.framework; includeInIndex = 0; path = Pods_Selfigram.framework; sourceTree = BUILT_PRODUCTS_DIR; };
		17BBA130099F198A455FEA3E /* Pods-Selfigram.release.xcconfig */ = {isa = PBXFileReference; includeInIndex = 1; lastKnownFileType = text.xcconfig; name = "Pods-Selfigram.release.xcconfig"; path = "Pods/Target Support Files/Pods-Selfigram/Pods-Selfigram.release.xcconfig"; sourceTree = "<group>"; };
		479E1C2017ED73C11B5E3440 /* Pods-SelfigramTests.debug.xcconfig */ = {isa = PBXFileReference; includeInIndex = 1; lastKnownFileType = text.xcconfig; name = "Pods-SelfigramTests.debug.xcconfig"; path = "Pods/Target Support Files/Pods-SelfigramTests/Pods-SelfigramTests.debug.xcconfig"; sourceTree = "<group>"; };
		53F3BFF00333EC69E1B3ED10 /* Pods_SelfigramTests.framework */ = {isa = PBXFileReference; explicitFileType = wrapper.framework; includeInIndex = 0; path = Pods_SelfigramTests.framework; sourceTree = BUILT_PRODUCTS_DIR; };
		5B8AE245C06894F41C5E9AB9 /* Pods-SelfigramTests.release.xcconfig */ = {isa = PBXFileReference; includeInIndex = 1; lastKnownFileType = text.xcconfig; name = "Pods-SelfigramTests.release.xcconfig"; path = "Pods/Target Support Files/Pods-SelfigramTests/Pods-SelfigramTests.release.xcconfig"; sourceTree = "<group>"; };
		D72E56DCB254499CC9DC92B6 /* Pods-Selfigram.debug.xcconfig */ = {isa = PBXFileReference; includeInIndex = 1; lastKnownFileType = text.xcconfig; name = "Pods-Selfigram.debug.xcconfig"; path = "Pods/Target Support Files/Pods-Selfigram/Pods-Selfigram.debug.xcconfig"; sourceTree = "<group>"; };
		DA201B481CE542D600E7BD94 /* Selfigram.app */ = {isa = PBXFileReference; explicitFileType = wrapper.application; includeInIndex = 0; path = Selfigram.app; sourceTree = BUILT_PRODUCTS_DIR; };
		DA201B4B1CE542D600E7BD94 /* AppDelegate.swift */ = {isa = PBXFileReference; lastKnownFileType = sourcecode.swift; path = AppDelegate.swift; sourceTree = "<group>"; };
		DA201B4D1CE542D600E7BD94 /* ViewController.swift */ = {isa = PBXFileReference; lastKnownFileType = sourcecode.swift; path = ViewController.swift; sourceTree = "<group>"; };
		DA201B501CE542D600E7BD94 /* Base */ = {isa = PBXFileReference; lastKnownFileType = file.storyboard; name = Base; path = Base.lproj/Main.storyboard; sourceTree = "<group>"; };
		DA201B521CE542D600E7BD94 /* Assets.xcassets */ = {isa = PBXFileReference; lastKnownFileType = folder.assetcatalog; path = Assets.xcassets; sourceTree = "<group>"; };
		DA201B551CE542D600E7BD94 /* Base */ = {isa = PBXFileReference; lastKnownFileType = file.storyboard; name = Base; path = Base.lproj/LaunchScreen.storyboard; sourceTree = "<group>"; };
		DA201B571CE542D600E7BD94 /* Info.plist */ = {isa = PBXFileReference; lastKnownFileType = text.plist.xml; path = Info.plist; sourceTree = "<group>"; };
		DA201B5C1CE542D600E7BD94 /* SelfigramTests.xctest */ = {isa = PBXFileReference; explicitFileType = wrapper.cfbundle; includeInIndex = 0; path = SelfigramTests.xctest; sourceTree = BUILT_PRODUCTS_DIR; };
		DA201B601CE542D600E7BD94 /* SelfigramTests.swift */ = {isa = PBXFileReference; lastKnownFileType = sourcecode.swift; path = SelfigramTests.swift; sourceTree = "<group>"; };
		DA201B621CE542D600E7BD94 /* Info.plist */ = {isa = PBXFileReference; lastKnownFileType = text.plist.xml; path = Info.plist; sourceTree = "<group>"; };
		DA201B6B1CEBE49500E7BD94 /* ProfileViewController.swift */ = {isa = PBXFileReference; fileEncoding = 4; lastKnownFileType = sourcecode.swift; path = ProfileViewController.swift; sourceTree = "<group>"; };
		DA3A69941CEE8777001D2F4C /* User.swift */ = {isa = PBXFileReference; fileEncoding = 4; lastKnownFileType = sourcecode.swift; path = User.swift; sourceTree = "<group>"; };
		DA3A69961CEE88DB001D2F4C /* Post.swift */ = {isa = PBXFileReference; fileEncoding = 4; lastKnownFileType = sourcecode.swift; path = Post.swift; sourceTree = "<group>"; };
		DA3A69981CF51E9C001D2F4C /* FeedTableViewController.swift */ = {isa = PBXFileReference; fileEncoding = 4; lastKnownFileType = sourcecode.swift; path = FeedTableViewController.swift; sourceTree = "<group>"; };
		DA3A69CE1CF864FD001D2F4C /* SelfieCell.swift */ = {isa = PBXFileReference; fileEncoding = 4; lastKnownFileType = sourcecode.swift; path = SelfieCell.swift; sourceTree = "<group>"; };
		DA3A69D41D0A3A9F001D2F4C /* Activity.swift */ = {isa = PBXFileReference; fileEncoding = 4; lastKnownFileType = sourcecode.swift; path = Activity.swift; sourceTree = "<group>"; };
/* End PBXFileReference section */

/* Begin PBXFrameworksBuildPhase section */
		DA201B451CE542D600E7BD94 /* Frameworks */ = {
			isa = PBXFrameworksBuildPhase;
			buildActionMask = 2147483647;
			files = (
				30FCFB40070C131D579774BE /* Pods_Selfigram.framework in Frameworks */,
			);
			runOnlyForDeploymentPostprocessing = 0;
		};
		DA201B591CE542D600E7BD94 /* Frameworks */ = {
			isa = PBXFrameworksBuildPhase;
			buildActionMask = 2147483647;
			files = (
				B949D4BE2034D15107C3867B /* Pods_SelfigramTests.framework in Frameworks */,
			);
			runOnlyForDeploymentPostprocessing = 0;
		};
/* End PBXFrameworksBuildPhase section */

/* Begin PBXGroup section */
		A9AA09994F306978769F24AA /* Pods */ = {
			isa = PBXGroup;
			children = (
				D72E56DCB254499CC9DC92B6 /* Pods-Selfigram.debug.xcconfig */,
				17BBA130099F198A455FEA3E /* Pods-Selfigram.release.xcconfig */,
				479E1C2017ED73C11B5E3440 /* Pods-SelfigramTests.debug.xcconfig */,
				5B8AE245C06894F41C5E9AB9 /* Pods-SelfigramTests.release.xcconfig */,
			);
			name = Pods;
			sourceTree = "<group>";
		};
		DA201B3F1CE542D600E7BD94 = {
			isa = PBXGroup;
			children = (
				DA201B4A1CE542D600E7BD94 /* Selfigram */,
				DA201B5F1CE542D600E7BD94 /* SelfigramTests */,
				DA201B491CE542D600E7BD94 /* Products */,
				A9AA09994F306978769F24AA /* Pods */,
				E2E68C04E61EC25EB778F118 /* Frameworks */,
			);
			sourceTree = "<group>";
		};
		DA201B491CE542D600E7BD94 /* Products */ = {
			isa = PBXGroup;
			children = (
				DA201B481CE542D600E7BD94 /* Selfigram.app */,
				DA201B5C1CE542D600E7BD94 /* SelfigramTests.xctest */,
			);
			name = Products;
			sourceTree = "<group>";
		};
		DA201B4A1CE542D600E7BD94 /* Selfigram */ = {
			isa = PBXGroup;
			children = (
				DA201B4B1CE542D600E7BD94 /* AppDelegate.swift */,
				DA201B4D1CE542D600E7BD94 /* ViewController.swift */,
				DA201B4F1CE542D600E7BD94 /* Main.storyboard */,
				DA3A69D41D0A3A9F001D2F4C /* Activity.swift */,
				DA201B6B1CEBE49500E7BD94 /* ProfileViewController.swift */,
				DA3A69941CEE8777001D2F4C /* User.swift */,
				DA3A69961CEE88DB001D2F4C /* Post.swift */,
				DA3A69981CF51E9C001D2F4C /* FeedTableViewController.swift */,
				DA3A69CE1CF864FD001D2F4C /* SelfieCell.swift */,
				DA201B521CE542D600E7BD94 /* Assets.xcassets */,
				DA201B541CE542D600E7BD94 /* LaunchScreen.storyboard */,
				DA201B571CE542D600E7BD94 /* Info.plist */,
			);
			path = Selfigram;
			sourceTree = "<group>";
		};
		DA201B5F1CE542D600E7BD94 /* SelfigramTests */ = {
			isa = PBXGroup;
			children = (
				DA201B601CE542D600E7BD94 /* SelfigramTests.swift */,
				DA201B621CE542D600E7BD94 /* Info.plist */,
			);
			path = SelfigramTests;
			sourceTree = "<group>";
		};
		E2E68C04E61EC25EB778F118 /* Frameworks */ = {
			isa = PBXGroup;
			children = (
				07E6F67A47FD6CC317832F21 /* Pods_Selfigram.framework */,
				53F3BFF00333EC69E1B3ED10 /* Pods_SelfigramTests.framework */,
			);
			name = Frameworks;
			sourceTree = "<group>";
		};
/* End PBXGroup section */

/* Begin PBXNativeTarget section */
		DA201B471CE542D600E7BD94 /* Selfigram */ = {
			isa = PBXNativeTarget;
			buildConfigurationList = DA201B651CE542D600E7BD94 /* Build configuration list for PBXNativeTarget "Selfigram" */;
			buildPhases = (
				1E947DD33749A8555AA3DCB6 /* 📦 Check Pods Manifest.lock */,
				DA201B441CE542D600E7BD94 /* Sources */,
				DA201B451CE542D600E7BD94 /* Frameworks */,
				DA201B461CE542D600E7BD94 /* Resources */,
				7E2A342AF8B7BBE2E969C96F /* 📦 Embed Pods Frameworks */,
				0FC670D7600C7EBF2D06D744 /* 📦 Copy Pods Resources */,
			);
			buildRules = (
			);
			dependencies = (
			);
			name = Selfigram;
			productName = Selfigram;
			productReference = DA201B481CE542D600E7BD94 /* Selfigram.app */;
			productType = "com.apple.product-type.application";
		};
		DA201B5B1CE542D600E7BD94 /* SelfigramTests */ = {
			isa = PBXNativeTarget;
			buildConfigurationList = DA201B681CE542D600E7BD94 /* Build configuration list for PBXNativeTarget "SelfigramTests" */;
			buildPhases = (
				FB44919CDFE11ED500604131 /* 📦 Check Pods Manifest.lock */,
				DA201B581CE542D600E7BD94 /* Sources */,
				DA201B591CE542D600E7BD94 /* Frameworks */,
				DA201B5A1CE542D600E7BD94 /* Resources */,
				C0FD681925C69D78ED807305 /* 📦 Embed Pods Frameworks */,
				031F90950E41C065FB0CFD80 /* 📦 Copy Pods Resources */,
			);
			buildRules = (
			);
			dependencies = (
				DA201B5E1CE542D600E7BD94 /* PBXTargetDependency */,
			);
			name = SelfigramTests;
			productName = SelfigramTests;
			productReference = DA201B5C1CE542D600E7BD94 /* SelfigramTests.xctest */;
			productType = "com.apple.product-type.bundle.unit-test";
		};
/* End PBXNativeTarget section */

/* Begin PBXProject section */
		DA201B401CE542D600E7BD94 /* Project object */ = {
			isa = PBXProject;
			attributes = {
				LastSwiftUpdateCheck = 0730;
				LastUpgradeCheck = 0730;
				ORGANIZATIONNAME = "Shawn Crisp";
				TargetAttributes = {
					DA201B471CE542D600E7BD94 = {
						CreatedOnToolsVersion = 7.3.1;
						DevelopmentTeam = R26SW7CMF2;
					};
					DA201B5B1CE542D600E7BD94 = {
						CreatedOnToolsVersion = 7.3.1;
						TestTargetID = DA201B471CE542D600E7BD94;
					};
				};
			};
			buildConfigurationList = DA201B431CE542D600E7BD94 /* Build configuration list for PBXProject "Selfigram" */;
			compatibilityVersion = "Xcode 3.2";
			developmentRegion = English;
			hasScannedForEncodings = 0;
			knownRegions = (
				en,
				Base,
			);
			mainGroup = DA201B3F1CE542D600E7BD94;
			productRefGroup = DA201B491CE542D600E7BD94 /* Products */;
			projectDirPath = "";
			projectRoot = "";
			targets = (
				DA201B471CE542D600E7BD94 /* Selfigram */,
				DA201B5B1CE542D600E7BD94 /* SelfigramTests */,
			);
		};
/* End PBXProject section */

/* Begin PBXResourcesBuildPhase section */
		DA201B461CE542D600E7BD94 /* Resources */ = {
			isa = PBXResourcesBuildPhase;
			buildActionMask = 2147483647;
			files = (
				DA201B561CE542D600E7BD94 /* LaunchScreen.storyboard in Resources */,
				DA201B531CE542D600E7BD94 /* Assets.xcassets in Resources */,
				DA201B511CE542D600E7BD94 /* Main.storyboard in Resources */,
			);
			runOnlyForDeploymentPostprocessing = 0;
		};
		DA201B5A1CE542D600E7BD94 /* Resources */ = {
			isa = PBXResourcesBuildPhase;
			buildActionMask = 2147483647;
			files = (
			);
			runOnlyForDeploymentPostprocessing = 0;
		};
/* End PBXResourcesBuildPhase section */

/* Begin PBXShellScriptBuildPhase section */
		031F90950E41C065FB0CFD80 /* 📦 Copy Pods Resources */ = {
			isa = PBXShellScriptBuildPhase;
			buildActionMask = 2147483647;
			files = (
			);
			inputPaths = (
			);
			name = "📦 Copy Pods Resources";
			outputPaths = (
			);
			runOnlyForDeploymentPostprocessing = 0;
			shellPath = /bin/sh;
			shellScript = "\"${SRCROOT}/Pods/Target Support Files/Pods-SelfigramTests/Pods-SelfigramTests-resources.sh\"\n";
			showEnvVarsInLog = 0;
		};
		0FC670D7600C7EBF2D06D744 /* 📦 Copy Pods Resources */ = {
			isa = PBXShellScriptBuildPhase;
			buildActionMask = 2147483647;
			files = (
			);
			inputPaths = (
			);
			name = "📦 Copy Pods Resources";
			outputPaths = (
			);
			runOnlyForDeploymentPostprocessing = 0;
			shellPath = /bin/sh;
			shellScript = "\"${SRCROOT}/Pods/Target Support Files/Pods-Selfigram/Pods-Selfigram-resources.sh\"\n";
			showEnvVarsInLog = 0;
		};
		1E947DD33749A8555AA3DCB6 /* 📦 Check Pods Manifest.lock */ = {
			isa = PBXShellScriptBuildPhase;
			buildActionMask = 2147483647;
			files = (
			);
			inputPaths = (
			);
			name = "📦 Check Pods Manifest.lock";
			outputPaths = (
			);
			runOnlyForDeploymentPostprocessing = 0;
			shellPath = /bin/sh;
			shellScript = "diff \"${PODS_ROOT}/../Podfile.lock\" \"${PODS_ROOT}/Manifest.lock\" > /dev/null\nif [[ $? != 0 ]] ; then\n    cat << EOM\nerror: The sandbox is not in sync with the Podfile.lock. Run 'pod install' or update your CocoaPods installation.\nEOM\n    exit 1\nfi\n";
			showEnvVarsInLog = 0;
		};
		7E2A342AF8B7BBE2E969C96F /* 📦 Embed Pods Frameworks */ = {
			isa = PBXShellScriptBuildPhase;
			buildActionMask = 2147483647;
			files = (
			);
			inputPaths = (
			);
			name = "📦 Embed Pods Frameworks";
			outputPaths = (
			);
			runOnlyForDeploymentPostprocessing = 0;
			shellPath = /bin/sh;
			shellScript = "\"${SRCROOT}/Pods/Target Support Files/Pods-Selfigram/Pods-Selfigram-frameworks.sh\"\n";
			showEnvVarsInLog = 0;
		};
		C0FD681925C69D78ED807305 /* 📦 Embed Pods Frameworks */ = {
			isa = PBXShellScriptBuildPhase;
			buildActionMask = 2147483647;
			files = (
			);
			inputPaths = (
			);
			name = "📦 Embed Pods Frameworks";
			outputPaths = (
			);
			runOnlyForDeploymentPostprocessing = 0;
			shellPath = /bin/sh;
			shellScript = "\"${SRCROOT}/Pods/Target Support Files/Pods-SelfigramTests/Pods-SelfigramTests-frameworks.sh\"\n";
			showEnvVarsInLog = 0;
		};
		FB44919CDFE11ED500604131 /* 📦 Check Pods Manifest.lock */ = {
			isa = PBXShellScriptBuildPhase;
			buildActionMask = 2147483647;
			files = (
			);
			inputPaths = (
			);
			name = "📦 Check Pods Manifest.lock";
			outputPaths = (
			);
			runOnlyForDeploymentPostprocessing = 0;
			shellPath = /bin/sh;
			shellScript = "diff \"${PODS_ROOT}/../Podfile.lock\" \"${PODS_ROOT}/Manifest.lock\" > /dev/null\nif [[ $? != 0 ]] ; then\n    cat << EOM\nerror: The sandbox is not in sync with the Podfile.lock. Run 'pod install' or update your CocoaPods installation.\nEOM\n    exit 1\nfi\n";
			showEnvVarsInLog = 0;
		};
/* End PBXShellScriptBuildPhase section */

/* Begin PBXSourcesBuildPhase section */
		DA201B441CE542D600E7BD94 /* Sources */ = {
			isa = PBXSourcesBuildPhase;
			buildActionMask = 2147483647;
			files = (
				DA3A69951CEE8777001D2F4C /* User.swift in Sources */,
				DA3A69991CF51E9C001D2F4C /* FeedTableViewController.swift in Sources */,
				DA3A69CF1CF864FD001D2F4C /* SelfieCell.swift in Sources */,
				DA201B6C1CEBE49500E7BD94 /* ProfileViewController.swift in Sources */,
				DA201B4E1CE542D600E7BD94 /* ViewController.swift in Sources */,
				DA201B4C1CE542D600E7BD94 /* AppDelegate.swift in Sources */,
				DA3A69D51D0A3A9F001D2F4C /* Activity.swift in Sources */,
				DA3A69971CEE88DB001D2F4C /* Post.swift in Sources */,
			);
			runOnlyForDeploymentPostprocessing = 0;
		};
		DA201B581CE542D600E7BD94 /* Sources */ = {
			isa = PBXSourcesBuildPhase;
			buildActionMask = 2147483647;
			files = (
				DA201B611CE542D600E7BD94 /* SelfigramTests.swift in Sources */,
			);
			runOnlyForDeploymentPostprocessing = 0;
		};
/* End PBXSourcesBuildPhase section */

/* Begin PBXTargetDependency section */
		DA201B5E1CE542D600E7BD94 /* PBXTargetDependency */ = {
			isa = PBXTargetDependency;
			target = DA201B471CE542D600E7BD94 /* Selfigram */;
			targetProxy = DA201B5D1CE542D600E7BD94 /* PBXContainerItemProxy */;
		};
/* End PBXTargetDependency section */

/* Begin PBXVariantGroup section */
		DA201B4F1CE542D600E7BD94 /* Main.storyboard */ = {
			isa = PBXVariantGroup;
			children = (
				DA201B501CE542D600E7BD94 /* Base */,
			);
			name = Main.storyboard;
			sourceTree = "<group>";
		};
		DA201B541CE542D600E7BD94 /* LaunchScreen.storyboard */ = {
			isa = PBXVariantGroup;
			children = (
				DA201B551CE542D600E7BD94 /* Base */,
			);
			name = LaunchScreen.storyboard;
			sourceTree = "<group>";
		};
/* End PBXVariantGroup section */

/* Begin XCBuildConfiguration section */
		DA201B631CE542D600E7BD94 /* Debug */ = {
			isa = XCBuildConfiguration;
			buildSettings = {
				ALWAYS_SEARCH_USER_PATHS = NO;
				CLANG_ANALYZER_NONNULL = YES;
				CLANG_CXX_LANGUAGE_STANDARD = "gnu++0x";
				CLANG_CXX_LIBRARY = "libc++";
				CLANG_ENABLE_MODULES = YES;
				CLANG_ENABLE_OBJC_ARC = YES;
				CLANG_WARN_BOOL_CONVERSION = YES;
				CLANG_WARN_CONSTANT_CONVERSION = YES;
				CLANG_WARN_DIRECT_OBJC_ISA_USAGE = YES_ERROR;
				CLANG_WARN_EMPTY_BODY = YES;
				CLANG_WARN_ENUM_CONVERSION = YES;
				CLANG_WARN_INT_CONVERSION = YES;
				CLANG_WARN_OBJC_ROOT_CLASS = YES_ERROR;
				CLANG_WARN_UNREACHABLE_CODE = YES;
				CLANG_WARN__DUPLICATE_METHOD_MATCH = YES;
				"CODE_SIGN_IDENTITY[sdk=iphoneos*]" = "iPhone Developer";
				COPY_PHASE_STRIP = NO;
				DEBUG_INFORMATION_FORMAT = dwarf;
				ENABLE_STRICT_OBJC_MSGSEND = YES;
				ENABLE_TESTABILITY = YES;
				GCC_C_LANGUAGE_STANDARD = gnu99;
				GCC_DYNAMIC_NO_PIC = NO;
				GCC_NO_COMMON_BLOCKS = YES;
				GCC_OPTIMIZATION_LEVEL = 0;
				GCC_PREPROCESSOR_DEFINITIONS = (
					"DEBUG=1",
					"$(inherited)",
				);
				GCC_WARN_64_TO_32_BIT_CONVERSION = YES;
				GCC_WARN_ABOUT_RETURN_TYPE = YES_ERROR;
				GCC_WARN_UNDECLARED_SELECTOR = YES;
				GCC_WARN_UNINITIALIZED_AUTOS = YES_AGGRESSIVE;
				GCC_WARN_UNUSED_FUNCTION = YES;
				GCC_WARN_UNUSED_VARIABLE = YES;
				IPHONEOS_DEPLOYMENT_TARGET = 9.3;
				MTL_ENABLE_DEBUG_INFO = YES;
				ONLY_ACTIVE_ARCH = YES;
				SDKROOT = iphoneos;
				SWIFT_OPTIMIZATION_LEVEL = "-Onone";
				TARGETED_DEVICE_FAMILY = "1,2";
			};
			name = Debug;
		};
		DA201B641CE542D600E7BD94 /* Release */ = {
			isa = XCBuildConfiguration;
			buildSettings = {
				ALWAYS_SEARCH_USER_PATHS = NO;
				CLANG_ANALYZER_NONNULL = YES;
				CLANG_CXX_LANGUAGE_STANDARD = "gnu++0x";
				CLANG_CXX_LIBRARY = "libc++";
				CLANG_ENABLE_MODULES = YES;
				CLANG_ENABLE_OBJC_ARC = YES;
				CLANG_WARN_BOOL_CONVERSION = YES;
				CLANG_WARN_CONSTANT_CONVERSION = YES;
				CLANG_WARN_DIRECT_OBJC_ISA_USAGE = YES_ERROR;
				CLANG_WARN_EMPTY_BODY = YES;
				CLANG_WARN_ENUM_CONVERSION = YES;
				CLANG_WARN_INT_CONVERSION = YES;
				CLANG_WARN_OBJC_ROOT_CLASS = YES_ERROR;
				CLANG_WARN_UNREACHABLE_CODE = YES;
				CLANG_WARN__DUPLICATE_METHOD_MATCH = YES;
				"CODE_SIGN_IDENTITY[sdk=iphoneos*]" = "iPhone Developer";
				COPY_PHASE_STRIP = NO;
				DEBUG_INFORMATION_FORMAT = "dwarf-with-dsym";
				ENABLE_NS_ASSERTIONS = NO;
				ENABLE_STRICT_OBJC_MSGSEND = YES;
				GCC_C_LANGUAGE_STANDARD = gnu99;
				GCC_NO_COMMON_BLOCKS = YES;
				GCC_WARN_64_TO_32_BIT_CONVERSION = YES;
				GCC_WARN_ABOUT_RETURN_TYPE = YES_ERROR;
				GCC_WARN_UNDECLARED_SELECTOR = YES;
				GCC_WARN_UNINITIALIZED_AUTOS = YES_AGGRESSIVE;
				GCC_WARN_UNUSED_FUNCTION = YES;
				GCC_WARN_UNUSED_VARIABLE = YES;
				IPHONEOS_DEPLOYMENT_TARGET = 9.3;
				MTL_ENABLE_DEBUG_INFO = NO;
				SDKROOT = iphoneos;
				TARGETED_DEVICE_FAMILY = "1,2";
				VALIDATE_PRODUCT = YES;
			};
			name = Release;
		};
		DA201B661CE542D600E7BD94 /* Debug */ = {
			isa = XCBuildConfiguration;
			baseConfigurationReference = D72E56DCB254499CC9DC92B6 /* Pods-Selfigram.debug.xcconfig */;
			buildSettings = {
				ASSETCATALOG_COMPILER_APPICON_NAME = AppIcon;
				CODE_SIGN_IDENTITY = "iPhone Developer";
				"CODE_SIGN_IDENTITY[sdk=iphoneos*]" = "iPhone Developer";
				INFOPLIST_FILE = Selfigram/Info.plist;
				LD_RUNPATH_SEARCH_PATHS = "$(inherited) @executable_path/Frameworks";
				PRODUCT_BUNDLE_IDENTIFIER = com.example.Selfigram;
				PRODUCT_NAME = "$(TARGET_NAME)";
				PROVISIONING_PROFILE = "";
			};
			name = Debug;
		};
		DA201B671CE542D600E7BD94 /* Release */ = {
			isa = XCBuildConfiguration;
			baseConfigurationReference = 17BBA130099F198A455FEA3E /* Pods-Selfigram.release.xcconfig */;
			buildSettings = {
				ASSETCATALOG_COMPILER_APPICON_NAME = AppIcon;
				CODE_SIGN_IDENTITY = "iPhone Developer";
				"CODE_SIGN_IDENTITY[sdk=iphoneos*]" = "iPhone Developer";
				INFOPLIST_FILE = Selfigram/Info.plist;
				LD_RUNPATH_SEARCH_PATHS = "$(inherited) @executable_path/Frameworks";
				PRODUCT_BUNDLE_IDENTIFIER = com.example.Selfigram;
				PRODUCT_NAME = "$(TARGET_NAME)";
				PROVISIONING_PROFILE = "";
			};
			name = Release;
		};
		DA201B691CE542D600E7BD94 /* Debug */ = {
			isa = XCBuildConfiguration;
			baseConfigurationReference = 479E1C2017ED73C11B5E3440 /* Pods-SelfigramTests.debug.xcconfig */;
			buildSettings = {
				BUNDLE_LOADER = "$(TEST_HOST)";
				INFOPLIST_FILE = SelfigramTests/Info.plist;
				LD_RUNPATH_SEARCH_PATHS = "$(inherited) @executable_path/Frameworks @loader_path/Frameworks";
				PRODUCT_BUNDLE_IDENTIFIER = com.example.SelfigramTests;
				PRODUCT_NAME = "$(TARGET_NAME)";
				TEST_HOST = "$(BUILT_PRODUCTS_DIR)/Selfigram.app/Selfigram";
			};
			name = Debug;
		};
		DA201B6A1CE542D600E7BD94 /* Release */ = {
			isa = XCBuildConfiguration;
			baseConfigurationReference = 5B8AE245C06894F41C5E9AB9 /* Pods-SelfigramTests.release.xcconfig */;
			buildSettings = {
				BUNDLE_LOADER = "$(TEST_HOST)";
				INFOPLIST_FILE = SelfigramTests/Info.plist;
				LD_RUNPATH_SEARCH_PATHS = "$(inherited) @executable_path/Frameworks @loader_path/Frameworks";
				PRODUCT_BUNDLE_IDENTIFIER = com.example.SelfigramTests;
				PRODUCT_NAME = "$(TARGET_NAME)";
				TEST_HOST = "$(BUILT_PRODUCTS_DIR)/Selfigram.app/Selfigram";
			};
			name = Release;
		};
/* End XCBuildConfiguration section */

/* Begin XCConfigurationList section */
		DA201B431CE542D600E7BD94 /* Build configuration list for PBXProject "Selfigram" */ = {
			isa = XCConfigurationList;
			buildConfigurations = (
				DA201B631CE542D600E7BD94 /* Debug */,
				DA201B641CE542D600E7BD94 /* Release */,
			);
			defaultConfigurationIsVisible = 0;
			defaultConfigurationName = Release;
		};
		DA201B651CE542D600E7BD94 /* Build configuration list for PBXNativeTarget "Selfigram" */ = {
			isa = XCConfigurationList;
			buildConfigurations = (
				DA201B661CE542D600E7BD94 /* Debug */,
				DA201B671CE542D600E7BD94 /* Release */,
			);
			defaultConfigurationIsVisible = 0;
			defaultConfigurationName = Release;
		};
		DA201B681CE542D600E7BD94 /* Build configuration list for PBXNativeTarget "SelfigramTests" */ = {
			isa = XCConfigurationList;
			buildConfigurations = (
				DA201B691CE542D600E7BD94 /* Debug */,
				DA201B6A1CE542D600E7BD94 /* Release */,
			);
			defaultConfigurationIsVisible = 0;
			defaultConfigurationName = Release;
		};
/* End XCConfigurationList section */
	};
	rootObject = DA201B401CE542D600E7BD94 /* Project object */;
}
